// !$*UTF8*$!
{
	archiveVersion = 1;
	classes = {
	};
	objectVersion = 77;
	objects = {

/* Begin PBXContainerItemProxy section */
		7EF4AE9F2E55CC310040C356 /* PBXContainerItemProxy */ = {
			isa = PBXContainerItemProxy;
			containerPortal = 7EF4AE882E55CC2F0040C356 /* Project object */;
			proxyType = 1;
			remoteGlobalIDString = 7EF4AE8F2E55CC2F0040C356;
			remoteInfo = LayoutLight;
		};
		7EF4AEA92E55CC310040C356 /* PBXContainerItemProxy */ = {
			isa = PBXContainerItemProxy;
			containerPortal = 7EF4AE882E55CC2F0040C356 /* Project object */;
			proxyType = 1;
			remoteGlobalIDString = 7EF4AE8F2E55CC2F0040C356;
			remoteInfo = LayoutLight;
		};
/* End PBXContainerItemProxy section */

/* Begin PBXFileReference section */
		7EF4AE902E55CC300040C356 /* LayoutLight.app */ = {isa = PBXFileReference; explicitFileType = wrapper.application; includeInIndex = 0; path = LayoutLight.app; sourceTree = BUILT_PRODUCTS_DIR; };
		7EF4AE9E2E55CC310040C356 /* LayoutLightTests.xctest */ = {isa = PBXFileReference; explicitFileType = wrapper.cfbundle; includeInIndex = 0; path = LayoutLightTests.xctest; sourceTree = BUILT_PRODUCTS_DIR; };
		7EF4AEA82E55CC310040C356 /* LayoutLightUITests.xctest */ = {isa = PBXFileReference; explicitFileType = wrapper.cfbundle; includeInIndex = 0; path = LayoutLightUITests.xctest; sourceTree = BUILT_PRODUCTS_DIR; };
/* End PBXFileReference section */

/* Begin PBXFileSystemSynchronizedRootGroup section */
		7EF4AE922E55CC300040C356 /* LayoutLight */ = {
			isa = PBXFileSystemSynchronizedRootGroup;
			path = LayoutLight;
			sourceTree = "<group>";
		};
		7EF4AEA12E55CC310040C356 /* LayoutLightTests */ = {
			isa = PBXFileSystemSynchronizedRootGroup;
			path = LayoutLightTests;
			sourceTree = "<group>";
		};
		7EF4AEAB2E55CC310040C356 /* LayoutLightUITests */ = {
			isa = PBXFileSystemSynchronizedRootGroup;
			path = LayoutLightUITests;
			sourceTree = "<group>";
		};
/* End PBXFileSystemSynchronizedRootGroup section */

/* Begin PBXFrameworksBuildPhase section */
		7EF4AE8D2E55CC2F0040C356 /* Frameworks */ = {
			isa = PBXFrameworksBuildPhase;
			buildActionMask = 2147483647;
			files = (
			);
			runOnlyForDeploymentPostprocessing = 0;
		};
		7EF4AE9B2E55CC310040C356 /* Frameworks */ = {
			isa = PBXFrameworksBuildPhase;
			buildActionMask = 2147483647;
			files = (
			);
			runOnlyForDeploymentPostprocessing = 0;
		};
		7EF4AEA52E55CC310040C356 /* Frameworks */ = {
			isa = PBXFrameworksBuildPhase;
			buildActionMask = 2147483647;
			files = (
			);
			runOnlyForDeploymentPostprocessing = 0;
		};
/* End PBXFrameworksBuildPhase section */

/* Begin PBXGroup section */
		7EF4AE872E55CC2F0040C356 = {
			isa = PBXGroup;
			children = (
				7EF4AE922E55CC300040C356 /* LayoutLight */,
				7EF4AEA12E55CC310040C356 /* LayoutLightTests */,
				7EF4AEAB2E55CC310040C356 /* LayoutLightUITests */,
				7EF4AE912E55CC300040C356 /* Products */,
			);
			sourceTree = "<group>";
		};
		7EF4AE912E55CC300040C356 /* Products */ = {
			isa = PBXGroup;
			children = (
				7EF4AE902E55CC300040C356 /* LayoutLight.app */,
				7EF4AE9E2E55CC310040C356 /* LayoutLightTests.xctest */,
				7EF4AEA82E55CC310040C356 /* LayoutLightUITests.xctest */,
			);
			name = Products;
			sourceTree = "<group>";
		};
/* End PBXGroup section */

/* Begin PBXNativeTarget section */
		7EF4AE8F2E55CC2F0040C356 /* LayoutLight */ = {
			isa = PBXNativeTarget;
			buildConfigurationList = 7EF4AEB22E55CC310040C356 /* Build configuration list for PBXNativeTarget "LayoutLight" */;
			buildPhases = (
				7EF4AE8C2E55CC2F0040C356 /* Sources */,
				7EF4AE8D2E55CC2F0040C356 /* Frameworks */,
				7EF4AE8E2E55CC2F0040C356 /* Resources */,
			);
			buildRules = (
			);
			dependencies = (
			);
			fileSystemSynchronizedGroups = (
				7EF4AE922E55CC300040C356 /* LayoutLight */,
			);
			name = LayoutLight;
			packageProductDependencies = (
			);
			productName = LayoutLight;
			productReference = 7EF4AE902E55CC300040C356 /* LayoutLight.app */;
			productType = "com.apple.product-type.application";
		};
		7EF4AE9D2E55CC310040C356 /* LayoutLightTests */ = {
			isa = PBXNativeTarget;
			buildConfigurationList = 7EF4AEB52E55CC310040C356 /* Build configuration list for PBXNativeTarget "LayoutLightTests" */;
			buildPhases = (
				7EF4AE9A2E55CC310040C356 /* Sources */,
				7EF4AE9B2E55CC310040C356 /* Frameworks */,
				7EF4AE9C2E55CC310040C356 /* Resources */,
			);
			buildRules = (
			);
			dependencies = (
				7EF4AEA02E55CC310040C356 /* PBXTargetDependency */,
			);
			fileSystemSynchronizedGroups = (
				7EF4AEA12E55CC310040C356 /* LayoutLightTests */,
			);
			name = LayoutLightTests;
			packageProductDependencies = (
			);
			productName = LayoutLightTests;
			productReference = 7EF4AE9E2E55CC310040C356 /* LayoutLightTests.xctest */;
			productType = "com.apple.product-type.bundle.unit-test";
		};
		7EF4AEA72E55CC310040C356 /* LayoutLightUITests */ = {
			isa = PBXNativeTarget;
			buildConfigurationList = 7EF4AEB82E55CC310040C356 /* Build configuration list for PBXNativeTarget "LayoutLightUITests" */;
			buildPhases = (
				7EF4AEA42E55CC310040C356 /* Sources */,
				7EF4AEA52E55CC310040C356 /* Frameworks */,
				7EF4AEA62E55CC310040C356 /* Resources */,
			);
			buildRules = (
			);
			dependencies = (
				7EF4AEAA2E55CC310040C356 /* PBXTargetDependency */,
			);
			fileSystemSynchronizedGroups = (
				7EF4AEAB2E55CC310040C356 /* LayoutLightUITests */,
			);
			name = LayoutLightUITests;
			packageProductDependencies = (
			);
			productName = LayoutLightUITests;
			productReference = 7EF4AEA82E55CC310040C356 /* LayoutLightUITests.xctest */;
			productType = "com.apple.product-type.bundle.ui-testing";
		};
/* End PBXNativeTarget section */

/* Begin PBXProject section */
		7EF4AE882E55CC2F0040C356 /* Project object */ = {
			isa = PBXProject;
			attributes = {
				BuildIndependentTargetsInParallel = 1;
				LastSwiftUpdateCheck = 1640;
				LastUpgradeCheck = 1640;
				TargetAttributes = {
					7EF4AE8F2E55CC2F0040C356 = {
						CreatedOnToolsVersion = 16.4;
					};
					7EF4AE9D2E55CC310040C356 = {
						CreatedOnToolsVersion = 16.4;
						TestTargetID = 7EF4AE8F2E55CC2F0040C356;
					};
					7EF4AEA72E55CC310040C356 = {
						CreatedOnToolsVersion = 16.4;
						TestTargetID = 7EF4AE8F2E55CC2F0040C356;
					};
				};
			};
			buildConfigurationList = 7EF4AE8B2E55CC2F0040C356 /* Build configuration list for PBXProject "LayoutLight" */;
			developmentRegion = en;
			hasScannedForEncodings = 0;
			knownRegions = (
				en,
				ru,
				Base,
			);
			mainGroup = 7EF4AE872E55CC2F0040C356;
			minimizedProjectReferenceProxies = 1;
			preferredProjectObjectVersion = 77;
			productRefGroup = 7EF4AE912E55CC300040C356 /* Products */;
			projectDirPath = "";
			projectRoot = "";
			targets = (
				7EF4AE8F2E55CC2F0040C356 /* LayoutLight */,
				7EF4AE9D2E55CC310040C356 /* LayoutLightTests */,
				7EF4AEA72E55CC310040C356 /* LayoutLightUITests */,
			);
		};
/* End PBXProject section */

/* Begin PBXResourcesBuildPhase section */
		7EF4AE8E2E55CC2F0040C356 /* Resources */ = {
			isa = PBXResourcesBuildPhase;
			buildActionMask = 2147483647;
			files = (
			);
			runOnlyForDeploymentPostprocessing = 0;
		};
		7EF4AE9C2E55CC310040C356 /* Resources */ = {
			isa = PBXResourcesBuildPhase;
			buildActionMask = 2147483647;
			files = (
			);
			runOnlyForDeploymentPostprocessing = 0;
		};
		7EF4AEA62E55CC310040C356 /* Resources */ = {
			isa = PBXResourcesBuildPhase;
			buildActionMask = 2147483647;
			files = (
			);
			runOnlyForDeploymentPostprocessing = 0;
		};
/* End PBXResourcesBuildPhase section */

/* Begin PBXSourcesBuildPhase section */
		7EF4AE8C2E55CC2F0040C356 /* Sources */ = {
			isa = PBXSourcesBuildPhase;
			buildActionMask = 2147483647;
			files = (
			);
			runOnlyForDeploymentPostprocessing = 0;
		};
		7EF4AE9A2E55CC310040C356 /* Sources */ = {
			isa = PBXSourcesBuildPhase;
			buildActionMask = 2147483647;
			files = (
			);
			runOnlyForDeploymentPostprocessing = 0;
		};
		7EF4AEA42E55CC310040C356 /* Sources */ = {
			isa = PBXSourcesBuildPhase;
			buildActionMask = 2147483647;
			files = (
			);
			runOnlyForDeploymentPostprocessing = 0;
		};
/* End PBXSourcesBuildPhase section */

/* Begin PBXTargetDependency section */
		7EF4AEA02E55CC310040C356 /* PBXTargetDependency */ = {
			isa = PBXTargetDependency;
			target = 7EF4AE8F2E55CC2F0040C356 /* LayoutLight */;
			targetProxy = 7EF4AE9F2E55CC310040C356 /* PBXContainerItemProxy */;
		};
		7EF4AEAA2E55CC310040C356 /* PBXTargetDependency */ = {
			isa = PBXTargetDependency;
			target = 7EF4AE8F2E55CC2F0040C356 /* LayoutLight */;
			targetProxy = 7EF4AEA92E55CC310040C356 /* PBXContainerItemProxy */;
		};
/* End PBXTargetDependency section */

/* Begin XCBuildConfiguration section */
		7EF4AEB02E55CC310040C356 /* Debug */ = {
			isa = XCBuildConfiguration;
			buildSettings = {
				ALWAYS_SEARCH_USER_PATHS = NO;
				ASSETCATALOG_COMPILER_GENERATE_SWIFT_ASSET_SYMBOL_EXTENSIONS = YES;
				CLANG_ANALYZER_NONNULL = YES;
				CLANG_ANALYZER_NUMBER_OBJECT_CONVERSION = YES_AGGRESSIVE;
				CLANG_CXX_LANGUAGE_STANDARD = "gnu++20";
				CLANG_ENABLE_MODULES = YES;
				CLANG_ENABLE_OBJC_ARC = YES;
				CLANG_ENABLE_OBJC_WEAK = YES;
				CLANG_WARN_BLOCK_CAPTURE_AUTORELEASING = YES;
				CLANG_WARN_BOOL_CONVERSION = YES;
				CLANG_WARN_COMMA = YES;
				CLANG_WARN_CONSTANT_CONVERSION = YES;
				CLANG_WARN_DEPRECATED_OBJC_IMPLEMENTATIONS = YES;
				CLANG_WARN_DIRECT_OBJC_ISA_USAGE = YES_ERROR;
				CLANG_WARN_DOCUMENTATION_COMMENTS = YES;
				CLANG_WARN_EMPTY_BODY = YES;
				CLANG_WARN_ENUM_CONVERSION = YES;
				CLANG_WARN_INFINITE_RECURSION = YES;
				CLANG_WARN_INT_CONVERSION = YES;
				CLANG_WARN_NON_LITERAL_NULL_CONVERSION = YES;
				CLANG_WARN_OBJC_IMPLICIT_RETAIN_SELF = YES;
				CLANG_WARN_OBJC_LITERAL_CONVERSION = YES;
				CLANG_WARN_OBJC_ROOT_CLASS = YES_ERROR;
				CLANG_WARN_QUOTED_INCLUDE_IN_FRAMEWORK_HEADER = YES;
				CLANG_WARN_RANGE_LOOP_ANALYSIS = YES;
				CLANG_WARN_STRICT_PROTOTYPES = YES;
				CLANG_WARN_SUSPICIOUS_MOVE = YES;
				CLANG_WARN_UNGUARDED_AVAILABILITY = YES_AGGRESSIVE;
				CLANG_WARN_UNREACHABLE_CODE = YES;
				CLANG_WARN__DUPLICATE_METHOD_MATCH = YES;
				COPY_PHASE_STRIP = NO;
				DEBUG_INFORMATION_FORMAT = dwarf;
				ENABLE_STRICT_OBJC_MSGSEND = YES;
				ENABLE_TESTABILITY = YES;
				ENABLE_USER_SCRIPT_SANDBOXING = YES;
				GCC_C_LANGUAGE_STANDARD = gnu17;
				GCC_DYNAMIC_NO_PIC = NO;
				GCC_NO_COMMON_BLOCKS = YES;
				GCC_OPTIMIZATION_LEVEL = 0;
				GCC_PREPROCESSOR_DEFINITIONS = (
					"DEBUG=1",
					"$(inherited)",
				);
				GCC_WARN_64_TO_32_BIT_CONVERSION = YES;
				GCC_WARN_ABOUT_RETURN_TYPE = YES_ERROR;
				GCC_WARN_UNDECLARED_SELECTOR = YES;
				GCC_WARN_UNINITIALIZED_AUTOS = YES_AGGRESSIVE;
				GCC_WARN_UNUSED_FUNCTION = YES;
				GCC_WARN_UNUSED_VARIABLE = YES;
				LOCALIZATION_PREFERS_STRING_CATALOGS = YES;
				MACOSX_DEPLOYMENT_TARGET = 15.5;
				MTL_ENABLE_DEBUG_INFO = INCLUDE_SOURCE;
				MTL_FAST_MATH = YES;
				ONLY_ACTIVE_ARCH = YES;
				SDKROOT = macosx;
				SWIFT_ACTIVE_COMPILATION_CONDITIONS = "DEBUG $(inherited)";
				SWIFT_OPTIMIZATION_LEVEL = "-Onone";
			};
			name = Debug;
		};
		7EF4AEB12E55CC310040C356 /* Release */ = {
			isa = XCBuildConfiguration;
			buildSettings = {
				ALWAYS_SEARCH_USER_PATHS = NO;
				ASSETCATALOG_COMPILER_GENERATE_SWIFT_ASSET_SYMBOL_EXTENSIONS = YES;
				CLANG_ANALYZER_NONNULL = YES;
				CLANG_ANALYZER_NUMBER_OBJECT_CONVERSION = YES_AGGRESSIVE;
				CLANG_CXX_LANGUAGE_STANDARD = "gnu++20";
				CLANG_ENABLE_MODULES = YES;
				CLANG_ENABLE_OBJC_ARC = YES;
				CLANG_ENABLE_OBJC_WEAK = YES;
				CLANG_WARN_BLOCK_CAPTURE_AUTORELEASING = YES;
				CLANG_WARN_BOOL_CONVERSION = YES;
				CLANG_WARN_COMMA = YES;
				CLANG_WARN_CONSTANT_CONVERSION = YES;
				CLANG_WARN_DEPRECATED_OBJC_IMPLEMENTATIONS = YES;
				CLANG_WARN_DIRECT_OBJC_ISA_USAGE = YES_ERROR;
				CLANG_WARN_DOCUMENTATION_COMMENTS = YES;
				CLANG_WARN_EMPTY_BODY = YES;
				CLANG_WARN_ENUM_CONVERSION = YES;
				CLANG_WARN_INFINITE_RECURSION = YES;
				CLANG_WARN_INT_CONVERSION = YES;
				CLANG_WARN_NON_LITERAL_NULL_CONVERSION = YES;
				CLANG_WARN_OBJC_IMPLICIT_RETAIN_SELF = YES;
				CLANG_WARN_OBJC_LITERAL_CONVERSION = YES;
				CLANG_WARN_OBJC_ROOT_CLASS = YES_ERROR;
				CLANG_WARN_QUOTED_INCLUDE_IN_FRAMEWORK_HEADER = YES;
				CLANG_WARN_RANGE_LOOP_ANALYSIS = YES;
				CLANG_WARN_STRICT_PROTOTYPES = YES;
				CLANG_WARN_SUSPICIOUS_MOVE = YES;
				CLANG_WARN_UNGUARDED_AVAILABILITY = YES_AGGRESSIVE;
				CLANG_WARN_UNREACHABLE_CODE = YES;
				CLANG_WARN__DUPLICATE_METHOD_MATCH = YES;
				COPY_PHASE_STRIP = NO;
				DEBUG_INFORMATION_FORMAT = "dwarf-with-dsym";
				ENABLE_NS_ASSERTIONS = NO;
				ENABLE_STRICT_OBJC_MSGSEND = YES;
				ENABLE_USER_SCRIPT_SANDBOXING = YES;
				GCC_C_LANGUAGE_STANDARD = gnu17;
				GCC_NO_COMMON_BLOCKS = YES;
				GCC_WARN_64_TO_32_BIT_CONVERSION = YES;
				GCC_WARN_ABOUT_RETURN_TYPE = YES_ERROR;
				GCC_WARN_UNDECLARED_SELECTOR = YES;
				GCC_WARN_UNINITIALIZED_AUTOS = YES_AGGRESSIVE;
				GCC_WARN_UNUSED_FUNCTION = YES;
				GCC_WARN_UNUSED_VARIABLE = YES;
				LOCALIZATION_PREFERS_STRING_CATALOGS = YES;
				MACOSX_DEPLOYMENT_TARGET = 15.5;
				MTL_ENABLE_DEBUG_INFO = NO;
				MTL_FAST_MATH = YES;
				SDKROOT = macosx;
				SWIFT_COMPILATION_MODE = wholemodule;
			};
			name = Release;
		};
		7EF4AEB32E55CC310040C356 /* Debug */ = {
			isa = XCBuildConfiguration;
			buildSettings = {
				ASSETCATALOG_COMPILER_APPICON_NAME = AppIcon;
				ASSETCATALOG_COMPILER_GLOBAL_ACCENT_COLOR_NAME = AccentColor;
				CODE_SIGN_ENTITLEMENTS = LayoutLight/LayoutLight.entitlements;
				CODE_SIGN_STYLE = Automatic;
				COMBINE_HIDPI_IMAGES = YES;
				CURRENT_PROJECT_VERSION = 1;
				ENABLE_HARDENED_RUNTIME = YES;
				ENABLE_PREVIEWS = YES;
				GENERATE_INFOPLIST_FILE = YES;
				INFOPLIST_KEY_CFBundleDisplayName = LayoutLight;
				INFOPLIST_KEY_NSHumanReadableCopyright = "";
				LD_RUNPATH_SEARCH_PATHS = (
					"$(inherited)",
					"@executable_path/../Frameworks",
				);
				MARKETING_VERSION = 1.0;
				PRODUCT_BUNDLE_IDENTIFIER = com.biyachuev.LayoutLight;
				PRODUCT_NAME = "$(TARGET_NAME)";
				REGISTER_APP_GROUPS = YES;
				SWIFT_EMIT_LOC_STRINGS = YES;
				SWIFT_VERSION = 5.0;
			};
			name = Debug;
		};
		7EF4AEB42E55CC310040C356 /* Release */ = {
			isa = XCBuildConfiguration;
			buildSettings = {
				ASSETCATALOG_COMPILER_APPICON_NAME = AppIcon;
				ASSETCATALOG_COMPILER_GLOBAL_ACCENT_COLOR_NAME = AccentColor;
				CODE_SIGN_ENTITLEMENTS = LayoutLight/LayoutLight.entitlements;
				CODE_SIGN_INJECT_BASE_ENTITLEMENTS = NO;
				CODE_SIGN_STYLE = Automatic;
				COMBINE_HIDPI_IMAGES = YES;
				CURRENT_PROJECT_VERSION = 1;
				ENABLE_HARDENED_RUNTIME = YES;
				ENABLE_PREVIEWS = YES;
				GENERATE_INFOPLIST_FILE = YES;
				INFOPLIST_KEY_CFBundleDisplayName = LayoutLight;
				INFOPLIST_KEY_NSHumanReadableCopyright = "";
				LD_RUNPATH_SEARCH_PATHS = (
					"$(inherited)",
					"@executable_path/../Frameworks",
				);
				MARKETING_VERSION = 1.0;
				PRODUCT_BUNDLE_IDENTIFIER = com.biyachuev.LayoutLight;
				PRODUCT_NAME = "$(TARGET_NAME)";
				REGISTER_APP_GROUPS = YES;
				SWIFT_EMIT_LOC_STRINGS = YES;
				SWIFT_VERSION = 5.0;
			};
			name = Release;
		};
		7EF4AEB62E55CC310040C356 /* Debug */ = {
			isa = XCBuildConfiguration;
			buildSettings = {
				BUNDLE_LOADER = "$(TEST_HOST)";
				CODE_SIGN_STYLE = Automatic;
				CURRENT_PROJECT_VERSION = 1;
				GENERATE_INFOPLIST_FILE = YES;
				MACOSX_DEPLOYMENT_TARGET = 15.5;
				MARKETING_VERSION = 1.0;
				PRODUCT_BUNDLE_IDENTIFIER = com.biyachuev.LayoutLight.Tests;
				PRODUCT_NAME = "$(TARGET_NAME)";
				SWIFT_EMIT_LOC_STRINGS = NO;
				SWIFT_VERSION = 5.0;
				TEST_HOST = "$(BUILT_PRODUCTS_DIR)/LayoutLight.app/$(BUNDLE_EXECUTABLE_FOLDER_PATH)/LayoutLight";
			};
			name = Debug;
		};
		7EF4AEB72E55CC310040C356 /* Release */ = {
			isa = XCBuildConfiguration;
			buildSettings = {
				BUNDLE_LOADER = "$(TEST_HOST)";
				CODE_SIGN_STYLE = Automatic;
				CURRENT_PROJECT_VERSION = 1;
				GENERATE_INFOPLIST_FILE = YES;
				MACOSX_DEPLOYMENT_TARGET = 15.5;
				MARKETING_VERSION = 1.0;
				PRODUCT_BUNDLE_IDENTIFIER = com.biyachuev.LayoutLight.Tests;
				PRODUCT_NAME = "$(TARGET_NAME)";
				SWIFT_EMIT_LOC_STRINGS = NO;
				SWIFT_VERSION = 5.0;
				TEST_HOST = "$(BUILT_PRODUCTS_DIR)/LayoutLight.app/$(BUNDLE_EXECUTABLE_FOLDER_PATH)/LayoutLight";
			};
			name = Release;
		};
		7EF4AEB92E55CC310040C356 /* Debug */ = {
			isa = XCBuildConfiguration;
			buildSettings = {
				CODE_SIGN_STYLE = Automatic;
				CURRENT_PROJECT_VERSION = 1;
				GENERATE_INFOPLIST_FILE = YES;
				MARKETING_VERSION = 1.0;
				PRODUCT_BUNDLE_IDENTIFIER = com.biyachuev.LayoutLight.UITests;
				PRODUCT_NAME = "$(TARGET_NAME)";
				SWIFT_EMIT_LOC_STRINGS = NO;
				SWIFT_VERSION = 5.0;
				TEST_TARGET_NAME = LayoutLight;
			};
			name = Debug;
		};
		7EF4AEBA2E55CC310040C356 /* Release */ = {
			isa = XCBuildConfiguration;
			buildSettings = {
				CODE_SIGN_STYLE = Automatic;
				CURRENT_PROJECT_VERSION = 1;
				GENERATE_INFOPLIST_FILE = YES;
				MARKETING_VERSION = 1.0;
				PRODUCT_BUNDLE_IDENTIFIER = com.biyachuev.LayoutLight.UITests;
				PRODUCT_NAME = "$(TARGET_NAME)";
				SWIFT_EMIT_LOC_STRINGS = NO;
				SWIFT_VERSION = 5.0;
				TEST_TARGET_NAME = LayoutLight;
			};
			name = Release;
		};
/* End XCBuildConfiguration section */

/* Begin XCConfigurationList section */
		7EF4AE8B2E55CC2F0040C356 /* Build configuration list for PBXProject "LayoutLight" */ = {
			isa = XCConfigurationList;
			buildConfigurations = (
				7EF4AEB02E55CC310040C356 /* Debug */,
				7EF4AEB12E55CC310040C356 /* Release */,
			);
			defaultConfigurationIsVisible = 0;
			defaultConfigurationName = Release;
		};
		7EF4AEB22E55CC310040C356 /* Build configuration list for PBXNativeTarget "LayoutLight" */ = {
			isa = XCConfigurationList;
			buildConfigurations = (
				7EF4AEB32E55CC310040C356 /* Debug */,
				7EF4AEB42E55CC310040C356 /* Release */,
			);
			defaultConfigurationIsVisible = 0;
			defaultConfigurationName = Release;
		};
		7EF4AEB52E55CC310040C356 /* Build configuration list for PBXNativeTarget "LayoutLightTests" */ = {
			isa = XCConfigurationList;
			buildConfigurations = (
				7EF4AEB62E55CC310040C356 /* Debug */,
				7EF4AEB72E55CC310040C356 /* Release */,
			);
			defaultConfigurationIsVisible = 0;
			defaultConfigurationName = Release;
		};
		7EF4AEB82E55CC310040C356 /* Build configuration list for PBXNativeTarget "LayoutLightUITests" */ = {
			isa = XCConfigurationList;
			buildConfigurations = (
				7EF4AEB92E55CC310040C356 /* Debug */,
				7EF4AEBA2E55CC310040C356 /* Release */,
			);
			defaultConfigurationIsVisible = 0;
			defaultConfigurationName = Release;
		};
/* End XCConfigurationList section */
	};
	rootObject = 7EF4AE882E55CC2F0040C356 /* Project object */;
}
